// !$*UTF8*$!
{
	archiveVersion = 1;
	classes = {
	};
	objectVersion = 56;
	objects = {

/* Begin PBXBuildFile section */
		5026F1D129E671FD00415EE8 /* MessagesView.swift in Sources */ = {isa = PBXBuildFile; fileRef = 5026F1D029E671FD00415EE8 /* MessagesView.swift */; };
		5026F1D529E6731E00415EE8 /* NewMessageView.swift in Sources */ = {isa = PBXBuildFile; fileRef = 5026F1D429E6731E00415EE8 /* NewMessageView.swift */; };
		5026F1D729E702E300415EE8 /* ActiveChatCellView.swift in Sources */ = {isa = PBXBuildFile; fileRef = 5026F1D629E702E300415EE8 /* ActiveChatCellView.swift */; };
		5026F1D829E702E300415EE8 /* ActiveChatCellView.swift in Sources */ = {isa = PBXBuildFile; fileRef = 5026F1D629E702E300415EE8 /* ActiveChatCellView.swift */; };
		5026F1D929E702E300415EE8 /* ActiveChatCellView.swift in Sources */ = {isa = PBXBuildFile; fileRef = 5026F1D629E702E300415EE8 /* ActiveChatCellView.swift */; };
		5026F1DB29E7037900415EE8 /* MainChatCustomNavigationView.swift in Sources */ = {isa = PBXBuildFile; fileRef = 5026F1DA29E7037900415EE8 /* MainChatCustomNavigationView.swift */; };
		5026F1DC29E7037900415EE8 /* MainChatCustomNavigationView.swift in Sources */ = {isa = PBXBuildFile; fileRef = 5026F1DA29E7037900415EE8 /* MainChatCustomNavigationView.swift */; };
		5026F1DD29E7037900415EE8 /* MainChatCustomNavigationView.swift in Sources */ = {isa = PBXBuildFile; fileRef = 5026F1DA29E7037900415EE8 /* MainChatCustomNavigationView.swift */; };
		5026F1DF29E7272300415EE8 /* UserSchemeExtension.swift in Sources */ = {isa = PBXBuildFile; fileRef = 5026F1DE29E7272300415EE8 /* UserSchemeExtension.swift */; };
		5026F1EB29E72FE600415EE8 /* Colors.xcassets in Resources */ = {isa = PBXBuildFile; fileRef = 5026F1EA29E72FE600415EE8 /* Colors.xcassets */; };
		5026F1EC29E72FE600415EE8 /* Colors.xcassets in Resources */ = {isa = PBXBuildFile; fileRef = 5026F1EA29E72FE600415EE8 /* Colors.xcassets */; };
		5026F1ED29E72FE600415EE8 /* Colors.xcassets in Resources */ = {isa = PBXBuildFile; fileRef = 5026F1EA29E72FE600415EE8 /* Colors.xcassets */; };
		502786AC29EF420B003CECA0 /* AuthenticateRepositoryFirebase.swift in Sources */ = {isa = PBXBuildFile; fileRef = 502786AB29EF420B003CECA0 /* AuthenticateRepositoryFirebase.swift */; };
		502786AD29EF420B003CECA0 /* AuthenticateRepositoryFirebase.swift in Sources */ = {isa = PBXBuildFile; fileRef = 502786AB29EF420B003CECA0 /* AuthenticateRepositoryFirebase.swift */; };
		502786AE29EF420B003CECA0 /* AuthenticateRepositoryFirebase.swift in Sources */ = {isa = PBXBuildFile; fileRef = 502786AB29EF420B003CECA0 /* AuthenticateRepositoryFirebase.swift */; };
		502786B029EF422E003CECA0 /* UserRepositoryFirebase.swift in Sources */ = {isa = PBXBuildFile; fileRef = 502786AF29EF422E003CECA0 /* UserRepositoryFirebase.swift */; };
		502786B129EF422E003CECA0 /* UserRepositoryFirebase.swift in Sources */ = {isa = PBXBuildFile; fileRef = 502786AF29EF422E003CECA0 /* UserRepositoryFirebase.swift */; };
		502786B229EF422E003CECA0 /* UserRepositoryFirebase.swift in Sources */ = {isa = PBXBuildFile; fileRef = 502786AF29EF422E003CECA0 /* UserRepositoryFirebase.swift */; };
		502786B429EF4262003CECA0 /* ChatRepository.swift in Sources */ = {isa = PBXBuildFile; fileRef = 502786B329EF4262003CECA0 /* ChatRepository.swift */; };
		502786B529EF4262003CECA0 /* ChatRepository.swift in Sources */ = {isa = PBXBuildFile; fileRef = 502786B329EF4262003CECA0 /* ChatRepository.swift */; };
		502786B629EF4262003CECA0 /* ChatRepository.swift in Sources */ = {isa = PBXBuildFile; fileRef = 502786B329EF4262003CECA0 /* ChatRepository.swift */; };
		502786B829EF93E5003CECA0 /* MessagesNavigationBar.swift in Sources */ = {isa = PBXBuildFile; fileRef = 502786B729EF93E5003CECA0 /* MessagesNavigationBar.swift */; };
		502786B929EF93E5003CECA0 /* MessagesNavigationBar.swift in Sources */ = {isa = PBXBuildFile; fileRef = 502786B729EF93E5003CECA0 /* MessagesNavigationBar.swift */; };
		502786BA29EF93E5003CECA0 /* MessagesNavigationBar.swift in Sources */ = {isa = PBXBuildFile; fileRef = 502786B729EF93E5003CECA0 /* MessagesNavigationBar.swift */; };
		5036661129DDEAFF0041CEC8 /* Schemes.swift in Sources */ = {isa = PBXBuildFile; fileRef = 5036661029DDEAFF0041CEC8 /* Schemes.swift */; };
		5036661229DDEAFF0041CEC8 /* Schemes.swift in Sources */ = {isa = PBXBuildFile; fileRef = 5036661029DDEAFF0041CEC8 /* Schemes.swift */; };
		5036661329DDEAFF0041CEC8 /* Schemes.swift in Sources */ = {isa = PBXBuildFile; fileRef = 5036661029DDEAFF0041CEC8 /* Schemes.swift */; };
		5036662D29DDF3CF0041CEC8 /* UserPresentationObject.swift in Sources */ = {isa = PBXBuildFile; fileRef = 5036662C29DDF3CF0041CEC8 /* UserPresentationObject.swift */; };
		5036662E29DDF3CF0041CEC8 /* UserPresentationObject.swift in Sources */ = {isa = PBXBuildFile; fileRef = 5036662C29DDF3CF0041CEC8 /* UserPresentationObject.swift */; };
		5036662F29DDF3CF0041CEC8 /* UserPresentationObject.swift in Sources */ = {isa = PBXBuildFile; fileRef = 5036662C29DDF3CF0041CEC8 /* UserPresentationObject.swift */; };
		5036663129DDF4550041CEC8 /* RepositoryProtocols.swift in Sources */ = {isa = PBXBuildFile; fileRef = 5036663029DDF4550041CEC8 /* RepositoryProtocols.swift */; };
		5036663229DDF4550041CEC8 /* RepositoryProtocols.swift in Sources */ = {isa = PBXBuildFile; fileRef = 5036663029DDF4550041CEC8 /* RepositoryProtocols.swift */; };
		5036663329DDF4550041CEC8 /* RepositoryProtocols.swift in Sources */ = {isa = PBXBuildFile; fileRef = 5036663029DDF4550041CEC8 /* RepositoryProtocols.swift */; };
		503EE25C29EC5C620013E329 /* MessagesViewModel.swift in Sources */ = {isa = PBXBuildFile; fileRef = 503EE25B29EC5C620013E329 /* MessagesViewModel.swift */; };
		503EE25D29EC5C620013E329 /* MessagesViewModel.swift in Sources */ = {isa = PBXBuildFile; fileRef = 503EE25B29EC5C620013E329 /* MessagesViewModel.swift */; };
		503EE25E29EC5C620013E329 /* MessagesViewModel.swift in Sources */ = {isa = PBXBuildFile; fileRef = 503EE25B29EC5C620013E329 /* MessagesViewModel.swift */; };
		503EE26429EC5E580013E329 /* MessageBubbleView.swift in Sources */ = {isa = PBXBuildFile; fileRef = 503EE26329EC5E580013E329 /* MessageBubbleView.swift */; };
		503EE26529EC5E580013E329 /* MessageBubbleView.swift in Sources */ = {isa = PBXBuildFile; fileRef = 503EE26329EC5E580013E329 /* MessageBubbleView.swift */; };
		503EE26629EC5E580013E329 /* MessageBubbleView.swift in Sources */ = {isa = PBXBuildFile; fileRef = 503EE26329EC5E580013E329 /* MessageBubbleView.swift */; };
		503EE26829EC685E0013E329 /* NewMessageViewModel.swift in Sources */ = {isa = PBXBuildFile; fileRef = 503EE26729EC685E0013E329 /* NewMessageViewModel.swift */; };
		503EE26929EC685E0013E329 /* NewMessageViewModel.swift in Sources */ = {isa = PBXBuildFile; fileRef = 503EE26729EC685E0013E329 /* NewMessageViewModel.swift */; };
		503EE26A29EC685E0013E329 /* NewMessageViewModel.swift in Sources */ = {isa = PBXBuildFile; fileRef = 503EE26729EC685E0013E329 /* NewMessageViewModel.swift */; };
		5054F28929DBDECA004A4D3A /* FirebaseAuthManager.swift in Sources */ = {isa = PBXBuildFile; fileRef = 5054F28829DBDECA004A4D3A /* FirebaseAuthManager.swift */; };
		5054F28A29DBDECA004A4D3A /* FirebaseAuthManager.swift in Sources */ = {isa = PBXBuildFile; fileRef = 5054F28829DBDECA004A4D3A /* FirebaseAuthManager.swift */; };
		5054F28B29DBDECA004A4D3A /* FirebaseAuthManager.swift in Sources */ = {isa = PBXBuildFile; fileRef = 5054F28829DBDECA004A4D3A /* FirebaseAuthManager.swift */; };
		5054F29929DBE4AA004A4D3A /* SignInSignUpView.swift in Sources */ = {isa = PBXBuildFile; fileRef = 5054F29829DBE4AA004A4D3A /* SignInSignUpView.swift */; };
		5054F29A29DBE4AA004A4D3A /* SignInSignUpView.swift in Sources */ = {isa = PBXBuildFile; fileRef = 5054F29829DBE4AA004A4D3A /* SignInSignUpView.swift */; };
		5054F29B29DBE4AA004A4D3A /* SignInSignUpView.swift in Sources */ = {isa = PBXBuildFile; fileRef = 5054F29829DBE4AA004A4D3A /* SignInSignUpView.swift */; };
		5054F29E29DBFE5D004A4D3A /* ActiveChatsView.swift in Sources */ = {isa = PBXBuildFile; fileRef = 5054F29D29DBFE5D004A4D3A /* ActiveChatsView.swift */; };
		5054F29F29DBFE5D004A4D3A /* ActiveChatsView.swift in Sources */ = {isa = PBXBuildFile; fileRef = 5054F29D29DBFE5D004A4D3A /* ActiveChatsView.swift */; };
		5054F2A029DBFE5D004A4D3A /* ActiveChatsView.swift in Sources */ = {isa = PBXBuildFile; fileRef = 5054F29D29DBFE5D004A4D3A /* ActiveChatsView.swift */; };
		5054F2A229DBFFCF004A4D3A /* SignInSignUpViewModel.swift in Sources */ = {isa = PBXBuildFile; fileRef = 5054F2A129DBFFCF004A4D3A /* SignInSignUpViewModel.swift */; };
		5054F2A329DBFFCF004A4D3A /* SignInSignUpViewModel.swift in Sources */ = {isa = PBXBuildFile; fileRef = 5054F2A129DBFFCF004A4D3A /* SignInSignUpViewModel.swift */; };
		5054F2A429DBFFCF004A4D3A /* SignInSignUpViewModel.swift in Sources */ = {isa = PBXBuildFile; fileRef = 5054F2A129DBFFCF004A4D3A /* SignInSignUpViewModel.swift */; };
		5054F2A729DC0367004A4D3A /* Validations.swift in Sources */ = {isa = PBXBuildFile; fileRef = 5054F2A629DC0367004A4D3A /* Validations.swift */; };
		509B926229DD4A1500597138 /* ActivityIndicator.swift in Sources */ = {isa = PBXBuildFile; fileRef = 509B926129DD4A1500597138 /* ActivityIndicator.swift */; };
		50A6E15B29DC8FA60039F729 /* RepositoriesFirebase.swift in Sources */ = {isa = PBXBuildFile; fileRef = 50A6E15A29DC8FA60039F729 /* RepositoriesFirebase.swift */; };
		50A6E15C29DC8FA60039F729 /* RepositoriesFirebase.swift in Sources */ = {isa = PBXBuildFile; fileRef = 50A6E15A29DC8FA60039F729 /* RepositoriesFirebase.swift */; };
		50A6E15D29DC8FA60039F729 /* RepositoriesFirebase.swift in Sources */ = {isa = PBXBuildFile; fileRef = 50A6E15A29DC8FA60039F729 /* RepositoriesFirebase.swift */; };
		50AA990229DF3DA900B8CC2A /* CodableBundleExtension.swift in Sources */ = {isa = PBXBuildFile; fileRef = 50AA990129DF3DA900B8CC2A /* CodableBundleExtension.swift */; };
		50CE3BCC29DB4198002DCE6D /* SwitChatApp.swift in Sources */ = {isa = PBXBuildFile; fileRef = 50CE3BCB29DB4198002DCE6D /* SwitChatApp.swift */; };
		50CE3BD029DB419A002DCE6D /* Assets.xcassets in Resources */ = {isa = PBXBuildFile; fileRef = 50CE3BCF29DB419A002DCE6D /* Assets.xcassets */; };
		50CE3BD329DB419A002DCE6D /* Preview Assets.xcassets in Resources */ = {isa = PBXBuildFile; fileRef = 50CE3BD229DB419A002DCE6D /* Preview Assets.xcassets */; };
		50CE3BDD29DB419A002DCE6D /* SwitChatTests.swift in Sources */ = {isa = PBXBuildFile; fileRef = 50CE3BDC29DB419A002DCE6D /* SwitChatTests.swift */; };
		50CE3BE729DB419A002DCE6D /* SwitChatUITests.swift in Sources */ = {isa = PBXBuildFile; fileRef = 50CE3BE629DB419A002DCE6D /* SwitChatUITests.swift */; };
		50CE3BE929DB419A002DCE6D /* SwitChatUITestsLaunchTests.swift in Sources */ = {isa = PBXBuildFile; fileRef = 50CE3BE829DB419A002DCE6D /* SwitChatUITestsLaunchTests.swift */; };
		50F7C2F429E60EE400104952 /* AppDelegate.swift in Sources */ = {isa = PBXBuildFile; fileRef = 50F7C2F329E60EE400104952 /* AppDelegate.swift */; };
		50F7C2F629E60F3C00104952 /* AppState.swift in Sources */ = {isa = PBXBuildFile; fileRef = 50F7C2F529E60F3C00104952 /* AppState.swift */; };
		50F7C2FA29E62C7C00104952 /* ActiveChatsViewModel.swift in Sources */ = {isa = PBXBuildFile; fileRef = 50F7C2F929E62C7C00104952 /* ActiveChatsViewModel.swift */; };
		50F7C2FE29E633A500104952 /* DataServiceProtocols.swift in Sources */ = {isa = PBXBuildFile; fileRef = 50F7C2FD29E633A500104952 /* DataServiceProtocols.swift */; };
		50FC7AF129E5CF250033E9B2 /* GoogleService-Info.plist in Resources */ = {isa = PBXBuildFile; fileRef = 50FC7AF029E5CF250033E9B2 /* GoogleService-Info.plist */; };
		50FC7AF229E5CF250033E9B2 /* GoogleService-Info.plist in Resources */ = {isa = PBXBuildFile; fileRef = 50FC7AF029E5CF250033E9B2 /* GoogleService-Info.plist */; };
		50FC7AF329E5CF250033E9B2 /* GoogleService-Info.plist in Resources */ = {isa = PBXBuildFile; fileRef = 50FC7AF029E5CF250033E9B2 /* GoogleService-Info.plist */; };
		50FC7AF629E5F4180033E9B2 /* FirebaseAuth in Frameworks */ = {isa = PBXBuildFile; productRef = 50FC7AF529E5F4180033E9B2 /* FirebaseAuth */; };
		50FC7AF829E5F4180033E9B2 /* FirebaseFirestoreSwift in Frameworks */ = {isa = PBXBuildFile; productRef = 50FC7AF729E5F4180033E9B2 /* FirebaseFirestoreSwift */; };
		50FC7AFA29E5F89B0033E9B2 /* FirebaseManager.swift in Sources */ = {isa = PBXBuildFile; fileRef = 50FC7AF929E5F89B0033E9B2 /* FirebaseManager.swift */; };
		50FC7AFB29E5F89B0033E9B2 /* FirebaseManager.swift in Sources */ = {isa = PBXBuildFile; fileRef = 50FC7AF929E5F89B0033E9B2 /* FirebaseManager.swift */; };
		50FC7AFC29E5F89B0033E9B2 /* FirebaseManager.swift in Sources */ = {isa = PBXBuildFile; fileRef = 50FC7AF929E5F89B0033E9B2 /* FirebaseManager.swift */; };
/* End PBXBuildFile section */

/* Begin PBXContainerItemProxy section */
		50CE3BD929DB419A002DCE6D /* PBXContainerItemProxy */ = {
			isa = PBXContainerItemProxy;
			containerPortal = 50CE3BC029DB4198002DCE6D /* Project object */;
			proxyType = 1;
			remoteGlobalIDString = 50CE3BC729DB4198002DCE6D;
			remoteInfo = SwitChat;
		};
		50CE3BE329DB419A002DCE6D /* PBXContainerItemProxy */ = {
			isa = PBXContainerItemProxy;
			containerPortal = 50CE3BC029DB4198002DCE6D /* Project object */;
			proxyType = 1;
			remoteGlobalIDString = 50CE3BC729DB4198002DCE6D;
			remoteInfo = SwitChat;
		};
/* End PBXContainerItemProxy section */

/* Begin PBXFileReference section */
		5026F1D029E671FD00415EE8 /* MessagesView.swift */ = {isa = PBXFileReference; lastKnownFileType = sourcecode.swift; path = MessagesView.swift; sourceTree = "<group>"; };
		5026F1D429E6731E00415EE8 /* NewMessageView.swift */ = {isa = PBXFileReference; lastKnownFileType = sourcecode.swift; path = NewMessageView.swift; sourceTree = "<group>"; };
		5026F1D629E702E300415EE8 /* ActiveChatCellView.swift */ = {isa = PBXFileReference; lastKnownFileType = sourcecode.swift; path = ActiveChatCellView.swift; sourceTree = "<group>"; };
		5026F1DA29E7037900415EE8 /* MainChatCustomNavigationView.swift */ = {isa = PBXFileReference; lastKnownFileType = sourcecode.swift; path = MainChatCustomNavigationView.swift; sourceTree = "<group>"; };
		5026F1DE29E7272300415EE8 /* UserSchemeExtension.swift */ = {isa = PBXFileReference; lastKnownFileType = sourcecode.swift; path = UserSchemeExtension.swift; sourceTree = "<group>"; };
		5026F1EA29E72FE600415EE8 /* Colors.xcassets */ = {isa = PBXFileReference; lastKnownFileType = folder.assetcatalog; path = Colors.xcassets; sourceTree = "<group>"; };
		502786AB29EF420B003CECA0 /* AuthenticateRepositoryFirebase.swift */ = {isa = PBXFileReference; lastKnownFileType = sourcecode.swift; path = AuthenticateRepositoryFirebase.swift; sourceTree = "<group>"; };
		502786AF29EF422E003CECA0 /* UserRepositoryFirebase.swift */ = {isa = PBXFileReference; lastKnownFileType = sourcecode.swift; path = UserRepositoryFirebase.swift; sourceTree = "<group>"; };
		502786B329EF4262003CECA0 /* ChatRepository.swift */ = {isa = PBXFileReference; lastKnownFileType = sourcecode.swift; path = ChatRepository.swift; sourceTree = "<group>"; };
		502786B729EF93E5003CECA0 /* MessagesNavigationBar.swift */ = {isa = PBXFileReference; lastKnownFileType = sourcecode.swift; path = MessagesNavigationBar.swift; sourceTree = "<group>"; };
		5036661029DDEAFF0041CEC8 /* Schemes.swift */ = {isa = PBXFileReference; lastKnownFileType = sourcecode.swift; path = Schemes.swift; sourceTree = "<group>"; };
		5036662C29DDF3CF0041CEC8 /* UserPresentationObject.swift */ = {isa = PBXFileReference; lastKnownFileType = sourcecode.swift; path = UserPresentationObject.swift; sourceTree = "<group>"; };
		5036663029DDF4550041CEC8 /* RepositoryProtocols.swift */ = {isa = PBXFileReference; lastKnownFileType = sourcecode.swift; path = RepositoryProtocols.swift; sourceTree = "<group>"; };
		503EE25B29EC5C620013E329 /* MessagesViewModel.swift */ = {isa = PBXFileReference; lastKnownFileType = sourcecode.swift; path = MessagesViewModel.swift; sourceTree = "<group>"; };
		503EE26329EC5E580013E329 /* MessageBubbleView.swift */ = {isa = PBXFileReference; lastKnownFileType = sourcecode.swift; path = MessageBubbleView.swift; sourceTree = "<group>"; };
		503EE26729EC685E0013E329 /* NewMessageViewModel.swift */ = {isa = PBXFileReference; lastKnownFileType = sourcecode.swift; path = NewMessageViewModel.swift; sourceTree = "<group>"; };
		5054F28629DB6EAF004A4D3A /* Info.plist */ = {isa = PBXFileReference; lastKnownFileType = text.plist; path = Info.plist; sourceTree = "<group>"; };
		5054F28829DBDECA004A4D3A /* FirebaseAuthManager.swift */ = {isa = PBXFileReference; lastKnownFileType = sourcecode.swift; path = FirebaseAuthManager.swift; sourceTree = "<group>"; };
		5054F29829DBE4AA004A4D3A /* SignInSignUpView.swift */ = {isa = PBXFileReference; lastKnownFileType = sourcecode.swift; path = SignInSignUpView.swift; sourceTree = "<group>"; };
		5054F29D29DBFE5D004A4D3A /* ActiveChatsView.swift */ = {isa = PBXFileReference; lastKnownFileType = sourcecode.swift; path = ActiveChatsView.swift; sourceTree = "<group>"; };
		5054F2A129DBFFCF004A4D3A /* SignInSignUpViewModel.swift */ = {isa = PBXFileReference; lastKnownFileType = sourcecode.swift; path = SignInSignUpViewModel.swift; sourceTree = "<group>"; };
		5054F2A629DC0367004A4D3A /* Validations.swift */ = {isa = PBXFileReference; lastKnownFileType = sourcecode.swift; path = Validations.swift; sourceTree = "<group>"; };
		509B926129DD4A1500597138 /* ActivityIndicator.swift */ = {isa = PBXFileReference; lastKnownFileType = sourcecode.swift; path = ActivityIndicator.swift; sourceTree = "<group>"; };
		50A6E15A29DC8FA60039F729 /* RepositoriesFirebase.swift */ = {isa = PBXFileReference; lastKnownFileType = sourcecode.swift; path = RepositoriesFirebase.swift; sourceTree = "<group>"; };
		50AA990129DF3DA900B8CC2A /* CodableBundleExtension.swift */ = {isa = PBXFileReference; lastKnownFileType = sourcecode.swift; path = CodableBundleExtension.swift; sourceTree = "<group>"; };
		50CE3BC829DB4198002DCE6D /* SwitChat.app */ = {isa = PBXFileReference; explicitFileType = wrapper.application; includeInIndex = 0; path = SwitChat.app; sourceTree = BUILT_PRODUCTS_DIR; };
		50CE3BCB29DB4198002DCE6D /* SwitChatApp.swift */ = {isa = PBXFileReference; lastKnownFileType = sourcecode.swift; path = SwitChatApp.swift; sourceTree = "<group>"; };
		50CE3BCF29DB419A002DCE6D /* Assets.xcassets */ = {isa = PBXFileReference; lastKnownFileType = folder.assetcatalog; path = Assets.xcassets; sourceTree = "<group>"; };
		50CE3BD229DB419A002DCE6D /* Preview Assets.xcassets */ = {isa = PBXFileReference; lastKnownFileType = folder.assetcatalog; path = "Preview Assets.xcassets"; sourceTree = "<group>"; };
		50CE3BD829DB419A002DCE6D /* SwitChatTests.xctest */ = {isa = PBXFileReference; explicitFileType = wrapper.cfbundle; includeInIndex = 0; path = SwitChatTests.xctest; sourceTree = BUILT_PRODUCTS_DIR; };
		50CE3BDC29DB419A002DCE6D /* SwitChatTests.swift */ = {isa = PBXFileReference; lastKnownFileType = sourcecode.swift; path = SwitChatTests.swift; sourceTree = "<group>"; };
		50CE3BE229DB419A002DCE6D /* SwitChatUITests.xctest */ = {isa = PBXFileReference; explicitFileType = wrapper.cfbundle; includeInIndex = 0; path = SwitChatUITests.xctest; sourceTree = BUILT_PRODUCTS_DIR; };
		50CE3BE629DB419A002DCE6D /* SwitChatUITests.swift */ = {isa = PBXFileReference; lastKnownFileType = sourcecode.swift; path = SwitChatUITests.swift; sourceTree = "<group>"; };
		50CE3BE829DB419A002DCE6D /* SwitChatUITestsLaunchTests.swift */ = {isa = PBXFileReference; lastKnownFileType = sourcecode.swift; path = SwitChatUITestsLaunchTests.swift; sourceTree = "<group>"; };
		50F7C2F329E60EE400104952 /* AppDelegate.swift */ = {isa = PBXFileReference; lastKnownFileType = sourcecode.swift; path = AppDelegate.swift; sourceTree = "<group>"; };
		50F7C2F529E60F3C00104952 /* AppState.swift */ = {isa = PBXFileReference; lastKnownFileType = sourcecode.swift; path = AppState.swift; sourceTree = "<group>"; };
		50F7C2F929E62C7C00104952 /* ActiveChatsViewModel.swift */ = {isa = PBXFileReference; lastKnownFileType = sourcecode.swift; path = ActiveChatsViewModel.swift; sourceTree = "<group>"; };
		50F7C2FD29E633A500104952 /* DataServiceProtocols.swift */ = {isa = PBXFileReference; lastKnownFileType = sourcecode.swift; path = DataServiceProtocols.swift; sourceTree = "<group>"; };
		50FC7AF029E5CF250033E9B2 /* GoogleService-Info.plist */ = {isa = PBXFileReference; fileEncoding = 4; lastKnownFileType = text.plist.xml; path = "GoogleService-Info.plist"; sourceTree = "<group>"; };
		50FC7AF929E5F89B0033E9B2 /* FirebaseManager.swift */ = {isa = PBXFileReference; lastKnownFileType = sourcecode.swift; path = FirebaseManager.swift; sourceTree = "<group>"; };
/* End PBXFileReference section */

/* Begin PBXFrameworksBuildPhase section */
		50CE3BC529DB4198002DCE6D /* Frameworks */ = {
			isa = PBXFrameworksBuildPhase;
			buildActionMask = 2147483647;
			files = (
				50FC7AF629E5F4180033E9B2 /* FirebaseAuth in Frameworks */,
				50FC7AF829E5F4180033E9B2 /* FirebaseFirestoreSwift in Frameworks */,
			);
			runOnlyForDeploymentPostprocessing = 0;
		};
		50CE3BD529DB419A002DCE6D /* Frameworks */ = {
			isa = PBXFrameworksBuildPhase;
			buildActionMask = 2147483647;
			files = (
			);
			runOnlyForDeploymentPostprocessing = 0;
		};
		50CE3BDF29DB419A002DCE6D /* Frameworks */ = {
			isa = PBXFrameworksBuildPhase;
			buildActionMask = 2147483647;
			files = (
			);
			runOnlyForDeploymentPostprocessing = 0;
		};
/* End PBXFrameworksBuildPhase section */

/* Begin PBXGroup section */
		5026F1CF29E6703F00415EE8 /* Messages */ = {
			isa = PBXGroup;
			children = (
				5026F1D029E671FD00415EE8 /* MessagesView.swift */,
				503EE25B29EC5C620013E329 /* MessagesViewModel.swift */,
			);
			path = Messages;
			sourceTree = "<group>";
		};
		5026F1D329E6730F00415EE8 /* NewMessage */ = {
			isa = PBXGroup;
			children = (
				5026F1D429E6731E00415EE8 /* NewMessageView.swift */,
				503EE26729EC685E0013E329 /* NewMessageViewModel.swift */,
			);
			path = NewMessage;
			sourceTree = "<group>";
		};
		5026F1E029E7288600415EE8 /* Managers */ = {
			isa = PBXGroup;
			children = (
				50FC7AF929E5F89B0033E9B2 /* FirebaseManager.swift */,
				5054F28829DBDECA004A4D3A /* FirebaseAuthManager.swift */,
			);
			path = Managers;
			sourceTree = "<group>";
		};
		5036662229DDF2E90041CEC8 /* Models */ = {
			isa = PBXGroup;
			children = (
				5036662C29DDF3CF0041CEC8 /* UserPresentationObject.swift */,
				5026F1DE29E7272300415EE8 /* UserSchemeExtension.swift */,
			);
			path = Models;
			sourceTree = "<group>";
		};
		5036662729DDF3040041CEC8 /* Protocols */ = {
			isa = PBXGroup;
			children = (
				5036663029DDF4550041CEC8 /* RepositoryProtocols.swift */,
			);
			path = Protocols;
			sourceTree = "<group>";
		};
		5054F29629DBE472004A4D3A /* Authenticate */ = {
			isa = PBXGroup;
			children = (
				5054F29829DBE4AA004A4D3A /* SignInSignUpView.swift */,
				5054F2A129DBFFCF004A4D3A /* SignInSignUpViewModel.swift */,
			);
			path = Authenticate;
			sourceTree = "<group>";
		};
		5054F29C29DBFE47004A4D3A /* ActiveChats */ = {
			isa = PBXGroup;
			children = (
				5054F29D29DBFE5D004A4D3A /* ActiveChatsView.swift */,
				50F7C2F929E62C7C00104952 /* ActiveChatsViewModel.swift */,
			);
			path = ActiveChats;
			sourceTree = "<group>";
		};
		509B926029DD4A0100597138 /* UIComponents */ = {
			isa = PBXGroup;
			children = (
				5026F1DA29E7037900415EE8 /* MainChatCustomNavigationView.swift */,
				509B926129DD4A1500597138 /* ActivityIndicator.swift */,
				5026F1D629E702E300415EE8 /* ActiveChatCellView.swift */,
				503EE26329EC5E580013E329 /* MessageBubbleView.swift */,
				502786B729EF93E5003CECA0 /* MessagesNavigationBar.swift */,
			);
			path = UIComponents;
			sourceTree = "<group>";
		};
		50A6E14A29DC813F0039F729 /* Data */ = {
			isa = PBXGroup;
			children = (
				5026F1E029E7288600415EE8 /* Managers */,
				50A6E14F29DC81C70039F729 /* Schemes */,
				50A6E15429DC82630039F729 /* DataService */,
			);
			path = Data;
			sourceTree = "<group>";
		};
		50A6E14C29DC81630039F729 /* Repositories */ = {
			isa = PBXGroup;
			children = (
				5036662729DDF3040041CEC8 /* Protocols */,
				502786AB29EF420B003CECA0 /* AuthenticateRepositoryFirebase.swift */,
				502786AF29EF422E003CECA0 /* UserRepositoryFirebase.swift */,
				502786B329EF4262003CECA0 /* ChatRepository.swift */,
				50A6E15A29DC8FA60039F729 /* RepositoriesFirebase.swift */,
			);
			path = Repositories;
			sourceTree = "<group>";
		};
		50A6E14F29DC81C70039F729 /* Schemes */ = {
			isa = PBXGroup;
			children = (
				5036661029DDEAFF0041CEC8 /* Schemes.swift */,
			);
			path = Schemes;
			sourceTree = "<group>";
		};
		50A6E15429DC82630039F729 /* DataService */ = {
			isa = PBXGroup;
			children = (
				50F7C2FD29E633A500104952 /* DataServiceProtocols.swift */,
			);
			path = DataService;
			sourceTree = "<group>";
		};
		50A6E15929DC8F830039F729 /* Domain */ = {
			isa = PBXGroup;
			children = (
				5036662229DDF2E90041CEC8 /* Models */,
				50A6E14C29DC81630039F729 /* Repositories */,
			);
			path = Domain;
			sourceTree = "<group>";
		};
		50AA990029DF3D9400B8CC2A /* Utils */ = {
			isa = PBXGroup;
			children = (
				5054F2A629DC0367004A4D3A /* Validations.swift */,
				50AA990129DF3DA900B8CC2A /* CodableBundleExtension.swift */,
			);
			path = Utils;
			sourceTree = "<group>";
		};
		50CE3BBF29DB4198002DCE6D = {
			isa = PBXGroup;
			children = (
				50CE3BCA29DB4198002DCE6D /* SwitChat */,
				50CE3BDB29DB419A002DCE6D /* SwitChatTests */,
				50CE3BE529DB419A002DCE6D /* SwitChatUITests */,
				50CE3BC929DB4198002DCE6D /* Products */,
			);
			sourceTree = "<group>";
		};
		50CE3BC929DB4198002DCE6D /* Products */ = {
			isa = PBXGroup;
			children = (
				50CE3BC829DB4198002DCE6D /* SwitChat.app */,
				50CE3BD829DB419A002DCE6D /* SwitChatTests.xctest */,
				50CE3BE229DB419A002DCE6D /* SwitChatUITests.xctest */,
			);
			name = Products;
			sourceTree = "<group>";
		};
		50CE3BCA29DB4198002DCE6D /* SwitChat */ = {
			isa = PBXGroup;
			children = (
				5054F28629DB6EAF004A4D3A /* Info.plist */,
				50CE3BF929DB422D002DCE6D /* Application */,
				50CE3BF829DB4221002DCE6D /* Views */,
				509B926029DD4A0100597138 /* UIComponents */,
				50A6E15929DC8F830039F729 /* Domain */,
				50A6E14A29DC813F0039F729 /* Data */,
				50CE3BF629DB4208002DCE6D /* Core */,
				50CE3BD129DB419A002DCE6D /* Preview Content */,
				50CE3BCF29DB419A002DCE6D /* Assets.xcassets */,
				5026F1EA29E72FE600415EE8 /* Colors.xcassets */,
			);
			path = SwitChat;
			sourceTree = "<group>";
		};
		50CE3BD129DB419A002DCE6D /* Preview Content */ = {
			isa = PBXGroup;
			children = (
				50CE3BD229DB419A002DCE6D /* Preview Assets.xcassets */,
			);
			path = "Preview Content";
			sourceTree = "<group>";
		};
		50CE3BDB29DB419A002DCE6D /* SwitChatTests */ = {
			isa = PBXGroup;
			children = (
				50CE3BDC29DB419A002DCE6D /* SwitChatTests.swift */,
			);
			path = SwitChatTests;
			sourceTree = "<group>";
		};
		50CE3BE529DB419A002DCE6D /* SwitChatUITests */ = {
			isa = PBXGroup;
			children = (
				50CE3BE629DB419A002DCE6D /* SwitChatUITests.swift */,
				50CE3BE829DB419A002DCE6D /* SwitChatUITestsLaunchTests.swift */,
			);
			path = SwitChatUITests;
			sourceTree = "<group>";
		};
		50CE3BF629DB4208002DCE6D /* Core */ = {
			isa = PBXGroup;
			children = (
				50AA990029DF3D9400B8CC2A /* Utils */,
			);
			path = Core;
			sourceTree = "<group>";
		};
		50CE3BF829DB4221002DCE6D /* Views */ = {
			isa = PBXGroup;
			children = (
				5054F29629DBE472004A4D3A /* Authenticate */,
				5054F29C29DBFE47004A4D3A /* ActiveChats */,
				5026F1CF29E6703F00415EE8 /* Messages */,
				5026F1D329E6730F00415EE8 /* NewMessage */,
			);
			path = Views;
			sourceTree = "<group>";
		};
		50CE3BF929DB422D002DCE6D /* Application */ = {
			isa = PBXGroup;
			children = (
				50FC7AEF29E5CF1A0033E9B2 /* Config */,
				50F7C2F329E60EE400104952 /* AppDelegate.swift */,
				50F7C2F529E60F3C00104952 /* AppState.swift */,
				50CE3BCB29DB4198002DCE6D /* SwitChatApp.swift */,
			);
			path = Application;
			sourceTree = "<group>";
		};
		50FC7AEF29E5CF1A0033E9B2 /* Config */ = {
			isa = PBXGroup;
			children = (
				50FC7AF029E5CF250033E9B2 /* GoogleService-Info.plist */,
			);
			path = Config;
			sourceTree = "<group>";
		};
/* End PBXGroup section */

/* Begin PBXNativeTarget section */
		50CE3BC729DB4198002DCE6D /* SwitChat */ = {
			isa = PBXNativeTarget;
			buildConfigurationList = 50CE3BEC29DB419A002DCE6D /* Build configuration list for PBXNativeTarget "SwitChat" */;
			buildPhases = (
				50CE3BC429DB4198002DCE6D /* Sources */,
				50CE3BC529DB4198002DCE6D /* Frameworks */,
				50CE3BC629DB4198002DCE6D /* Resources */,
			);
			buildRules = (
			);
			dependencies = (
			);
			name = SwitChat;
			packageProductDependencies = (
				50FC7AF529E5F4180033E9B2 /* FirebaseAuth */,
				50FC7AF729E5F4180033E9B2 /* FirebaseFirestoreSwift */,
			);
			productName = SwitChat;
			productReference = 50CE3BC829DB4198002DCE6D /* SwitChat.app */;
			productType = "com.apple.product-type.application";
		};
		50CE3BD729DB419A002DCE6D /* SwitChatTests */ = {
			isa = PBXNativeTarget;
			buildConfigurationList = 50CE3BEF29DB419A002DCE6D /* Build configuration list for PBXNativeTarget "SwitChatTests" */;
			buildPhases = (
				50CE3BD429DB419A002DCE6D /* Sources */,
				50CE3BD529DB419A002DCE6D /* Frameworks */,
				50CE3BD629DB419A002DCE6D /* Resources */,
			);
			buildRules = (
			);
			dependencies = (
				50CE3BDA29DB419A002DCE6D /* PBXTargetDependency */,
			);
			name = SwitChatTests;
			productName = SwitChatTests;
			productReference = 50CE3BD829DB419A002DCE6D /* SwitChatTests.xctest */;
			productType = "com.apple.product-type.bundle.unit-test";
		};
		50CE3BE129DB419A002DCE6D /* SwitChatUITests */ = {
			isa = PBXNativeTarget;
			buildConfigurationList = 50CE3BF229DB419A002DCE6D /* Build configuration list for PBXNativeTarget "SwitChatUITests" */;
			buildPhases = (
				50CE3BDE29DB419A002DCE6D /* Sources */,
				50CE3BDF29DB419A002DCE6D /* Frameworks */,
				50CE3BE029DB419A002DCE6D /* Resources */,
			);
			buildRules = (
			);
			dependencies = (
				50CE3BE429DB419A002DCE6D /* PBXTargetDependency */,
			);
			name = SwitChatUITests;
			productName = SwitChatUITests;
			productReference = 50CE3BE229DB419A002DCE6D /* SwitChatUITests.xctest */;
			productType = "com.apple.product-type.bundle.ui-testing";
		};
/* End PBXNativeTarget section */

/* Begin PBXProject section */
		50CE3BC029DB4198002DCE6D /* Project object */ = {
			isa = PBXProject;
			attributes = {
				BuildIndependentTargetsInParallel = 1;
				LastSwiftUpdateCheck = 1420;
				LastUpgradeCheck = 1420;
				TargetAttributes = {
					50CE3BC729DB4198002DCE6D = {
						CreatedOnToolsVersion = 14.2;
					};
					50CE3BD729DB419A002DCE6D = {
						CreatedOnToolsVersion = 14.2;
						TestTargetID = 50CE3BC729DB4198002DCE6D;
					};
					50CE3BE129DB419A002DCE6D = {
						CreatedOnToolsVersion = 14.2;
						TestTargetID = 50CE3BC729DB4198002DCE6D;
					};
				};
			};
			buildConfigurationList = 50CE3BC329DB4198002DCE6D /* Build configuration list for PBXProject "SwitChat" */;
			compatibilityVersion = "Xcode 14.0";
			developmentRegion = en;
			hasScannedForEncodings = 0;
			knownRegions = (
				en,
				Base,
			);
			mainGroup = 50CE3BBF29DB4198002DCE6D;
			packageReferences = (
				50FC7AF429E5F4180033E9B2 /* XCRemoteSwiftPackageReference "firebase-ios-sdk" */,
			);
			productRefGroup = 50CE3BC929DB4198002DCE6D /* Products */;
			projectDirPath = "";
			projectRoot = "";
			targets = (
				50CE3BC729DB4198002DCE6D /* SwitChat */,
				50CE3BD729DB419A002DCE6D /* SwitChatTests */,
				50CE3BE129DB419A002DCE6D /* SwitChatUITests */,
			);
		};
/* End PBXProject section */

/* Begin PBXResourcesBuildPhase section */
		50CE3BC629DB4198002DCE6D /* Resources */ = {
			isa = PBXResourcesBuildPhase;
			buildActionMask = 2147483647;
			files = (
				50CE3BD329DB419A002DCE6D /* Preview Assets.xcassets in Resources */,
				5026F1EB29E72FE600415EE8 /* Colors.xcassets in Resources */,
				50FC7AF129E5CF250033E9B2 /* GoogleService-Info.plist in Resources */,
				50CE3BD029DB419A002DCE6D /* Assets.xcassets in Resources */,
			);
			runOnlyForDeploymentPostprocessing = 0;
		};
		50CE3BD629DB419A002DCE6D /* Resources */ = {
			isa = PBXResourcesBuildPhase;
			buildActionMask = 2147483647;
			files = (
				50FC7AF229E5CF250033E9B2 /* GoogleService-Info.plist in Resources */,
				5026F1EC29E72FE600415EE8 /* Colors.xcassets in Resources */,
			);
			runOnlyForDeploymentPostprocessing = 0;
		};
		50CE3BE029DB419A002DCE6D /* Resources */ = {
			isa = PBXResourcesBuildPhase;
			buildActionMask = 2147483647;
			files = (
				50FC7AF329E5CF250033E9B2 /* GoogleService-Info.plist in Resources */,
				5026F1ED29E72FE600415EE8 /* Colors.xcassets in Resources */,
			);
			runOnlyForDeploymentPostprocessing = 0;
		};
/* End PBXResourcesBuildPhase section */

/* Begin PBXSourcesBuildPhase section */
		50CE3BC429DB4198002DCE6D /* Sources */ = {
			isa = PBXSourcesBuildPhase;
			buildActionMask = 2147483647;
			files = (
				5054F2A229DBFFCF004A4D3A /* SignInSignUpViewModel.swift in Sources */,
				509B926229DD4A1500597138 /* ActivityIndicator.swift in Sources */,
				5036661129DDEAFF0041CEC8 /* Schemes.swift in Sources */,
				5054F28929DBDECA004A4D3A /* FirebaseAuthManager.swift in Sources */,
				50A6E15B29DC8FA60039F729 /* RepositoriesFirebase.swift in Sources */,
				5054F29929DBE4AA004A4D3A /* SignInSignUpView.swift in Sources */,
				5026F1D129E671FD00415EE8 /* MessagesView.swift in Sources */,
				5026F1D529E6731E00415EE8 /* NewMessageView.swift in Sources */,
				5036662D29DDF3CF0041CEC8 /* UserPresentationObject.swift in Sources */,
				50FC7AFA29E5F89B0033E9B2 /* FirebaseManager.swift in Sources */,
				50F7C2F429E60EE400104952 /* AppDelegate.swift in Sources */,
				503EE26829EC685E0013E329 /* NewMessageViewModel.swift in Sources */,
				50AA990229DF3DA900B8CC2A /* CodableBundleExtension.swift in Sources */,
				50CE3BCC29DB4198002DCE6D /* SwitChatApp.swift in Sources */,
				5026F1D729E702E300415EE8 /* ActiveChatCellView.swift in Sources */,
				502786B429EF4262003CECA0 /* ChatRepository.swift in Sources */,
				50F7C2FA29E62C7C00104952 /* ActiveChatsViewModel.swift in Sources */,
				502786B829EF93E5003CECA0 /* MessagesNavigationBar.swift in Sources */,
				503EE25C29EC5C620013E329 /* MessagesViewModel.swift in Sources */,
				503EE26429EC5E580013E329 /* MessageBubbleView.swift in Sources */,
				50F7C2FE29E633A500104952 /* DataServiceProtocols.swift in Sources */,
				5026F1DB29E7037900415EE8 /* MainChatCustomNavigationView.swift in Sources */,
				5036663129DDF4550041CEC8 /* RepositoryProtocols.swift in Sources */,
				5026F1DF29E7272300415EE8 /* UserSchemeExtension.swift in Sources */,
				50F7C2F629E60F3C00104952 /* AppState.swift in Sources */,
				502786B029EF422E003CECA0 /* UserRepositoryFirebase.swift in Sources */,
				5054F2A729DC0367004A4D3A /* Validations.swift in Sources */,
				5054F29E29DBFE5D004A4D3A /* ActiveChatsView.swift in Sources */,
				502786AC29EF420B003CECA0 /* AuthenticateRepositoryFirebase.swift in Sources */,
			);
			runOnlyForDeploymentPostprocessing = 0;
		};
		50CE3BD429DB419A002DCE6D /* Sources */ = {
			isa = PBXSourcesBuildPhase;
			buildActionMask = 2147483647;
			files = (
				5054F2A329DBFFCF004A4D3A /* SignInSignUpViewModel.swift in Sources */,
				502786B529EF4262003CECA0 /* ChatRepository.swift in Sources */,
				5036662E29DDF3CF0041CEC8 /* UserPresentationObject.swift in Sources */,
				503EE25D29EC5C620013E329 /* MessagesViewModel.swift in Sources */,
				502786B929EF93E5003CECA0 /* MessagesNavigationBar.swift in Sources */,
				50FC7AFB29E5F89B0033E9B2 /* FirebaseManager.swift in Sources */,
				50A6E15C29DC8FA60039F729 /* RepositoriesFirebase.swift in Sources */,
				5054F29A29DBE4AA004A4D3A /* SignInSignUpView.swift in Sources */,
				5036661229DDEAFF0041CEC8 /* Schemes.swift in Sources */,
				5054F28A29DBDECA004A4D3A /* FirebaseAuthManager.swift in Sources */,
				5026F1DC29E7037900415EE8 /* MainChatCustomNavigationView.swift in Sources */,
				50CE3BDD29DB419A002DCE6D /* SwitChatTests.swift in Sources */,
				5026F1D829E702E300415EE8 /* ActiveChatCellView.swift in Sources */,
				5054F29F29DBFE5D004A4D3A /* ActiveChatsView.swift in Sources */,
				5036663229DDF4550041CEC8 /* RepositoryProtocols.swift in Sources */,
				503EE26529EC5E580013E329 /* MessageBubbleView.swift in Sources */,
				503EE26929EC685E0013E329 /* NewMessageViewModel.swift in Sources */,
				502786AD29EF420B003CECA0 /* AuthenticateRepositoryFirebase.swift in Sources */,
				502786B129EF422E003CECA0 /* UserRepositoryFirebase.swift in Sources */,
			);
			runOnlyForDeploymentPostprocessing = 0;
		};
		50CE3BDE29DB419A002DCE6D /* Sources */ = {
			isa = PBXSourcesBuildPhase;
			buildActionMask = 2147483647;
			files = (
				5054F2A029DBFE5D004A4D3A /* ActiveChatsView.swift in Sources */,
				5036661329DDEAFF0041CEC8 /* Schemes.swift in Sources */,
				50CE3BE929DB419A002DCE6D /* SwitChatUITestsLaunchTests.swift in Sources */,
				5054F29B29DBE4AA004A4D3A /* SignInSignUpView.swift in Sources */,
				5054F2A429DBFFCF004A4D3A /* SignInSignUpViewModel.swift in Sources */,
				502786B229EF422E003CECA0 /* UserRepositoryFirebase.swift in Sources */,
				5026F1D929E702E300415EE8 /* ActiveChatCellView.swift in Sources */,
				503EE26A29EC685E0013E329 /* NewMessageViewModel.swift in Sources */,
				5054F28B29DBDECA004A4D3A /* FirebaseAuthManager.swift in Sources */,
				5036662F29DDF3CF0041CEC8 /* UserPresentationObject.swift in Sources */,
				5026F1DD29E7037900415EE8 /* MainChatCustomNavigationView.swift in Sources */,
				502786B629EF4262003CECA0 /* ChatRepository.swift in Sources */,
				50A6E15D29DC8FA60039F729 /* RepositoriesFirebase.swift in Sources */,
				50CE3BE729DB419A002DCE6D /* SwitChatUITests.swift in Sources */,
				503EE25E29EC5C620013E329 /* MessagesViewModel.swift in Sources */,
				5036663329DDF4550041CEC8 /* RepositoryProtocols.swift in Sources */,
				503EE26629EC5E580013E329 /* MessageBubbleView.swift in Sources */,
				50FC7AFC29E5F89B0033E9B2 /* FirebaseManager.swift in Sources */,
				502786AE29EF420B003CECA0 /* AuthenticateRepositoryFirebase.swift in Sources */,
				502786BA29EF93E5003CECA0 /* MessagesNavigationBar.swift in Sources */,
			);
			runOnlyForDeploymentPostprocessing = 0;
		};
/* End PBXSourcesBuildPhase section */

/* Begin PBXTargetDependency section */
		50CE3BDA29DB419A002DCE6D /* PBXTargetDependency */ = {
			isa = PBXTargetDependency;
			target = 50CE3BC729DB4198002DCE6D /* SwitChat */;
			targetProxy = 50CE3BD929DB419A002DCE6D /* PBXContainerItemProxy */;
		};
		50CE3BE429DB419A002DCE6D /* PBXTargetDependency */ = {
			isa = PBXTargetDependency;
			target = 50CE3BC729DB4198002DCE6D /* SwitChat */;
			targetProxy = 50CE3BE329DB419A002DCE6D /* PBXContainerItemProxy */;
		};
/* End PBXTargetDependency section */

/* Begin XCBuildConfiguration section */
		50CE3BEA29DB419A002DCE6D /* Debug */ = {
			isa = XCBuildConfiguration;
			buildSettings = {
				ALWAYS_SEARCH_USER_PATHS = NO;
				CLANG_ANALYZER_NONNULL = YES;
				CLANG_ANALYZER_NUMBER_OBJECT_CONVERSION = YES_AGGRESSIVE;
				CLANG_CXX_LANGUAGE_STANDARD = "gnu++20";
				CLANG_ENABLE_MODULES = YES;
				CLANG_ENABLE_OBJC_ARC = YES;
				CLANG_ENABLE_OBJC_WEAK = YES;
				CLANG_WARN_BLOCK_CAPTURE_AUTORELEASING = YES;
				CLANG_WARN_BOOL_CONVERSION = YES;
				CLANG_WARN_COMMA = YES;
				CLANG_WARN_CONSTANT_CONVERSION = YES;
				CLANG_WARN_DEPRECATED_OBJC_IMPLEMENTATIONS = YES;
				CLANG_WARN_DIRECT_OBJC_ISA_USAGE = YES_ERROR;
				CLANG_WARN_DOCUMENTATION_COMMENTS = YES;
				CLANG_WARN_EMPTY_BODY = YES;
				CLANG_WARN_ENUM_CONVERSION = YES;
				CLANG_WARN_INFINITE_RECURSION = YES;
				CLANG_WARN_INT_CONVERSION = YES;
				CLANG_WARN_NON_LITERAL_NULL_CONVERSION = YES;
				CLANG_WARN_OBJC_IMPLICIT_RETAIN_SELF = YES;
				CLANG_WARN_OBJC_LITERAL_CONVERSION = YES;
				CLANG_WARN_OBJC_ROOT_CLASS = YES_ERROR;
				CLANG_WARN_QUOTED_INCLUDE_IN_FRAMEWORK_HEADER = YES;
				CLANG_WARN_RANGE_LOOP_ANALYSIS = YES;
				CLANG_WARN_STRICT_PROTOTYPES = YES;
				CLANG_WARN_SUSPICIOUS_MOVE = YES;
				CLANG_WARN_UNGUARDED_AVAILABILITY = YES_AGGRESSIVE;
				CLANG_WARN_UNREACHABLE_CODE = YES;
				CLANG_WARN__DUPLICATE_METHOD_MATCH = YES;
				COPY_PHASE_STRIP = NO;
				DEBUG_INFORMATION_FORMAT = dwarf;
				ENABLE_STRICT_OBJC_MSGSEND = YES;
				ENABLE_TESTABILITY = YES;
				GCC_C_LANGUAGE_STANDARD = gnu11;
				GCC_DYNAMIC_NO_PIC = NO;
				GCC_NO_COMMON_BLOCKS = YES;
				GCC_OPTIMIZATION_LEVEL = 0;
				GCC_PREPROCESSOR_DEFINITIONS = (
					"DEBUG=1",
					"$(inherited)",
				);
				GCC_WARN_64_TO_32_BIT_CONVERSION = YES;
				GCC_WARN_ABOUT_RETURN_TYPE = YES_ERROR;
				GCC_WARN_UNDECLARED_SELECTOR = YES;
				GCC_WARN_UNINITIALIZED_AUTOS = YES_AGGRESSIVE;
				GCC_WARN_UNUSED_FUNCTION = YES;
				GCC_WARN_UNUSED_VARIABLE = YES;
				IPHONEOS_DEPLOYMENT_TARGET = 16.2;
				MTL_ENABLE_DEBUG_INFO = INCLUDE_SOURCE;
				MTL_FAST_MATH = YES;
				ONLY_ACTIVE_ARCH = YES;
				SDKROOT = iphoneos;
				SWIFT_ACTIVE_COMPILATION_CONDITIONS = DEBUG;
				SWIFT_OPTIMIZATION_LEVEL = "-Onone";
			};
			name = Debug;
		};
		50CE3BEB29DB419A002DCE6D /* Release */ = {
			isa = XCBuildConfiguration;
			buildSettings = {
				ALWAYS_SEARCH_USER_PATHS = NO;
				CLANG_ANALYZER_NONNULL = YES;
				CLANG_ANALYZER_NUMBER_OBJECT_CONVERSION = YES_AGGRESSIVE;
				CLANG_CXX_LANGUAGE_STANDARD = "gnu++20";
				CLANG_ENABLE_MODULES = YES;
				CLANG_ENABLE_OBJC_ARC = YES;
				CLANG_ENABLE_OBJC_WEAK = YES;
				CLANG_WARN_BLOCK_CAPTURE_AUTORELEASING = YES;
				CLANG_WARN_BOOL_CONVERSION = YES;
				CLANG_WARN_COMMA = YES;
				CLANG_WARN_CONSTANT_CONVERSION = YES;
				CLANG_WARN_DEPRECATED_OBJC_IMPLEMENTATIONS = YES;
				CLANG_WARN_DIRECT_OBJC_ISA_USAGE = YES_ERROR;
				CLANG_WARN_DOCUMENTATION_COMMENTS = YES;
				CLANG_WARN_EMPTY_BODY = YES;
				CLANG_WARN_ENUM_CONVERSION = YES;
				CLANG_WARN_INFINITE_RECURSION = YES;
				CLANG_WARN_INT_CONVERSION = YES;
				CLANG_WARN_NON_LITERAL_NULL_CONVERSION = YES;
				CLANG_WARN_OBJC_IMPLICIT_RETAIN_SELF = YES;
				CLANG_WARN_OBJC_LITERAL_CONVERSION = YES;
				CLANG_WARN_OBJC_ROOT_CLASS = YES_ERROR;
				CLANG_WARN_QUOTED_INCLUDE_IN_FRAMEWORK_HEADER = YES;
				CLANG_WARN_RANGE_LOOP_ANALYSIS = YES;
				CLANG_WARN_STRICT_PROTOTYPES = YES;
				CLANG_WARN_SUSPICIOUS_MOVE = YES;
				CLANG_WARN_UNGUARDED_AVAILABILITY = YES_AGGRESSIVE;
				CLANG_WARN_UNREACHABLE_CODE = YES;
				CLANG_WARN__DUPLICATE_METHOD_MATCH = YES;
				COPY_PHASE_STRIP = NO;
				DEBUG_INFORMATION_FORMAT = "dwarf-with-dsym";
				ENABLE_NS_ASSERTIONS = NO;
				ENABLE_STRICT_OBJC_MSGSEND = YES;
				GCC_C_LANGUAGE_STANDARD = gnu11;
				GCC_NO_COMMON_BLOCKS = YES;
				GCC_WARN_64_TO_32_BIT_CONVERSION = YES;
				GCC_WARN_ABOUT_RETURN_TYPE = YES_ERROR;
				GCC_WARN_UNDECLARED_SELECTOR = YES;
				GCC_WARN_UNINITIALIZED_AUTOS = YES_AGGRESSIVE;
				GCC_WARN_UNUSED_FUNCTION = YES;
				GCC_WARN_UNUSED_VARIABLE = YES;
				IPHONEOS_DEPLOYMENT_TARGET = 16.2;
				MTL_ENABLE_DEBUG_INFO = NO;
				MTL_FAST_MATH = YES;
				SDKROOT = iphoneos;
				SWIFT_COMPILATION_MODE = wholemodule;
				SWIFT_OPTIMIZATION_LEVEL = "-O";
				VALIDATE_PRODUCT = YES;
			};
			name = Release;
		};
		50CE3BED29DB419A002DCE6D /* Debug */ = {
			isa = XCBuildConfiguration;
			buildSettings = {
				ASSETCATALOG_COMPILER_APPICON_NAME = AppIcon;
				ASSETCATALOG_COMPILER_GLOBAL_ACCENT_COLOR_NAME = AccentColor;
				CODE_SIGN_STYLE = Automatic;
				CURRENT_PROJECT_VERSION = 1;
				DEVELOPMENT_ASSET_PATHS = "\"SwitChat/Preview Content\"";
				DEVELOPMENT_TEAM = AAL663Y363;
				ENABLE_PREVIEWS = YES;
				GENERATE_INFOPLIST_FILE = YES;
				INFOPLIST_FILE = SwitChat/Info.plist;
				INFOPLIST_KEY_UIApplicationSceneManifest_Generation = YES;
				INFOPLIST_KEY_UIApplicationSupportsIndirectInputEvents = YES;
				INFOPLIST_KEY_UILaunchScreen_Generation = YES;
				INFOPLIST_KEY_UISupportedInterfaceOrientations_iPad = "UIInterfaceOrientationPortrait UIInterfaceOrientationPortraitUpsideDown UIInterfaceOrientationLandscapeLeft UIInterfaceOrientationLandscapeRight";
				INFOPLIST_KEY_UISupportedInterfaceOrientations_iPhone = "UIInterfaceOrientationPortrait UIInterfaceOrientationLandscapeLeft UIInterfaceOrientationLandscapeRight";
				LD_RUNPATH_SEARCH_PATHS = (
					"$(inherited)",
					"@executable_path/Frameworks",
				);
				MARKETING_VERSION = 1.0;
				PRODUCT_BUNDLE_IDENTIFIER = co.zibra.SwitChat;
				PRODUCT_NAME = "$(TARGET_NAME)";
				SWIFT_EMIT_LOC_STRINGS = YES;
				SWIFT_VERSION = 5.0;
				TARGETED_DEVICE_FAMILY = "1,2";
			};
			name = Debug;
		};
		50CE3BEE29DB419A002DCE6D /* Release */ = {
			isa = XCBuildConfiguration;
			buildSettings = {
				ASSETCATALOG_COMPILER_APPICON_NAME = AppIcon;
				ASSETCATALOG_COMPILER_GLOBAL_ACCENT_COLOR_NAME = AccentColor;
				CODE_SIGN_STYLE = Automatic;
				CURRENT_PROJECT_VERSION = 1;
				DEVELOPMENT_ASSET_PATHS = "\"SwitChat/Preview Content\"";
				DEVELOPMENT_TEAM = AAL663Y363;
				ENABLE_PREVIEWS = YES;
				GENERATE_INFOPLIST_FILE = YES;
				INFOPLIST_FILE = SwitChat/Info.plist;
				INFOPLIST_KEY_UIApplicationSceneManifest_Generation = YES;
				INFOPLIST_KEY_UIApplicationSupportsIndirectInputEvents = YES;
				INFOPLIST_KEY_UILaunchScreen_Generation = YES;
				INFOPLIST_KEY_UISupportedInterfaceOrientations_iPad = "UIInterfaceOrientationPortrait UIInterfaceOrientationPortraitUpsideDown UIInterfaceOrientationLandscapeLeft UIInterfaceOrientationLandscapeRight";
				INFOPLIST_KEY_UISupportedInterfaceOrientations_iPhone = "UIInterfaceOrientationPortrait UIInterfaceOrientationLandscapeLeft UIInterfaceOrientationLandscapeRight";
				LD_RUNPATH_SEARCH_PATHS = (
					"$(inherited)",
					"@executable_path/Frameworks",
				);
				MARKETING_VERSION = 1.0;
				PRODUCT_BUNDLE_IDENTIFIER = co.zibra.SwitChat;
				PRODUCT_NAME = "$(TARGET_NAME)";
				SWIFT_EMIT_LOC_STRINGS = YES;
				SWIFT_VERSION = 5.0;
				TARGETED_DEVICE_FAMILY = "1,2";
			};
			name = Release;
		};
		50CE3BF029DB419A002DCE6D /* Debug */ = {
			isa = XCBuildConfiguration;
			buildSettings = {
				ALWAYS_EMBED_SWIFT_STANDARD_LIBRARIES = YES;
				BUNDLE_LOADER = "$(TEST_HOST)";
				CODE_SIGN_STYLE = Automatic;
				CURRENT_PROJECT_VERSION = 1;
				DEVELOPMENT_TEAM = 2H795HQ2RP;
				GENERATE_INFOPLIST_FILE = YES;
				IPHONEOS_DEPLOYMENT_TARGET = 16.2;
				MARKETING_VERSION = 1.0;
				PRODUCT_BUNDLE_IDENTIFIER = com.max.SwitChatTests;
				PRODUCT_NAME = "$(TARGET_NAME)";
				SWIFT_EMIT_LOC_STRINGS = NO;
				SWIFT_VERSION = 5.0;
				TARGETED_DEVICE_FAMILY = "1,2";
				TEST_HOST = "$(BUILT_PRODUCTS_DIR)/SwitChat.app/$(BUNDLE_EXECUTABLE_FOLDER_PATH)/SwitChat";
			};
			name = Debug;
		};
		50CE3BF129DB419A002DCE6D /* Release */ = {
			isa = XCBuildConfiguration;
			buildSettings = {
				ALWAYS_EMBED_SWIFT_STANDARD_LIBRARIES = YES;
				BUNDLE_LOADER = "$(TEST_HOST)";
				CODE_SIGN_STYLE = Automatic;
				CURRENT_PROJECT_VERSION = 1;
				DEVELOPMENT_TEAM = 2H795HQ2RP;
				GENERATE_INFOPLIST_FILE = YES;
				IPHONEOS_DEPLOYMENT_TARGET = 16.2;
				MARKETING_VERSION = 1.0;
				PRODUCT_BUNDLE_IDENTIFIER = com.max.SwitChatTests;
				PRODUCT_NAME = "$(TARGET_NAME)";
				SWIFT_EMIT_LOC_STRINGS = NO;
				SWIFT_VERSION = 5.0;
				TARGETED_DEVICE_FAMILY = "1,2";
				TEST_HOST = "$(BUILT_PRODUCTS_DIR)/SwitChat.app/$(BUNDLE_EXECUTABLE_FOLDER_PATH)/SwitChat";
			};
			name = Release;
		};
		50CE3BF329DB419A002DCE6D /* Debug */ = {
			isa = XCBuildConfiguration;
			buildSettings = {
				ALWAYS_EMBED_SWIFT_STANDARD_LIBRARIES = YES;
				CODE_SIGN_STYLE = Automatic;
				CURRENT_PROJECT_VERSION = 1;
				DEVELOPMENT_TEAM = 2H795HQ2RP;
				GENERATE_INFOPLIST_FILE = YES;
				MARKETING_VERSION = 1.0;
				PRODUCT_BUNDLE_IDENTIFIER = com.max.SwitChatUITests;
				PRODUCT_NAME = "$(TARGET_NAME)";
				SWIFT_EMIT_LOC_STRINGS = NO;
				SWIFT_VERSION = 5.0;
				TARGETED_DEVICE_FAMILY = "1,2";
				TEST_TARGET_NAME = SwitChat;
			};
			name = Debug;
		};
		50CE3BF429DB419A002DCE6D /* Release */ = {
			isa = XCBuildConfiguration;
			buildSettings = {
				ALWAYS_EMBED_SWIFT_STANDARD_LIBRARIES = YES;
				CODE_SIGN_STYLE = Automatic;
				CURRENT_PROJECT_VERSION = 1;
				DEVELOPMENT_TEAM = 2H795HQ2RP;
				GENERATE_INFOPLIST_FILE = YES;
				MARKETING_VERSION = 1.0;
				PRODUCT_BUNDLE_IDENTIFIER = com.max.SwitChatUITests;
				PRODUCT_NAME = "$(TARGET_NAME)";
				SWIFT_EMIT_LOC_STRINGS = NO;
				SWIFT_VERSION = 5.0;
				TARGETED_DEVICE_FAMILY = "1,2";
				TEST_TARGET_NAME = SwitChat;
			};
			name = Release;
		};
/* End XCBuildConfiguration section */

/* Begin XCConfigurationList section */
		50CE3BC329DB4198002DCE6D /* Build configuration list for PBXProject "SwitChat" */ = {
			isa = XCConfigurationList;
			buildConfigurations = (
				50CE3BEA29DB419A002DCE6D /* Debug */,
				50CE3BEB29DB419A002DCE6D /* Release */,
			);
			defaultConfigurationIsVisible = 0;
			defaultConfigurationName = Release;
		};
		50CE3BEC29DB419A002DCE6D /* Build configuration list for PBXNativeTarget "SwitChat" */ = {
			isa = XCConfigurationList;
			buildConfigurations = (
				50CE3BED29DB419A002DCE6D /* Debug */,
				50CE3BEE29DB419A002DCE6D /* Release */,
			);
			defaultConfigurationIsVisible = 0;
			defaultConfigurationName = Release;
		};
		50CE3BEF29DB419A002DCE6D /* Build configuration list for PBXNativeTarget "SwitChatTests" */ = {
			isa = XCConfigurationList;
			buildConfigurations = (
				50CE3BF029DB419A002DCE6D /* Debug */,
				50CE3BF129DB419A002DCE6D /* Release */,
			);
			defaultConfigurationIsVisible = 0;
			defaultConfigurationName = Release;
		};
		50CE3BF229DB419A002DCE6D /* Build configuration list for PBXNativeTarget "SwitChatUITests" */ = {
			isa = XCConfigurationList;
			buildConfigurations = (
				50CE3BF329DB419A002DCE6D /* Debug */,
				50CE3BF429DB419A002DCE6D /* Release */,
			);
			defaultConfigurationIsVisible = 0;
			defaultConfigurationName = Release;
		};
/* End XCConfigurationList section */

/* Begin XCRemoteSwiftPackageReference section */
		50FC7AF429E5F4180033E9B2 /* XCRemoteSwiftPackageReference "firebase-ios-sdk" */ = {
			isa = XCRemoteSwiftPackageReference;
			repositoryURL = "https://github.com/firebase/firebase-ios-sdk.git";
			requirement = {
				kind = upToNextMajorVersion;
				minimumVersion = 10.0.0;
			};
		};
/* End XCRemoteSwiftPackageReference section */

/* Begin XCSwiftPackageProductDependency section */
		50FC7AF529E5F4180033E9B2 /* FirebaseAuth */ = {
			isa = XCSwiftPackageProductDependency;
			package = 50FC7AF429E5F4180033E9B2 /* XCRemoteSwiftPackageReference "firebase-ios-sdk" */;
			productName = FirebaseAuth;
		};
		50FC7AF729E5F4180033E9B2 /* FirebaseFirestoreSwift */ = {
			isa = XCSwiftPackageProductDependency;
			package = 50FC7AF429E5F4180033E9B2 /* XCRemoteSwiftPackageReference "firebase-ios-sdk" */;
			productName = FirebaseFirestoreSwift;
		};
/* End XCSwiftPackageProductDependency section */
	};
	rootObject = 50CE3BC029DB4198002DCE6D /* Project object */;
}
